
Microsoft Visual Studio Solution File, Format Version 12.00
# Visual Studio Version 17
VisualStudioVersion = 17.5.33516.290
MinimumVisualStudioVersion = 10.0.40219.1
Project("{FAE04EC0-301F-11D3-BF4B-00C04F79EFBC}") = "ArrayAssignment.cs", "ArrayAssignment.cs\ArrayAssignment.cs.csproj", "{29577AED-1542-45B7-8B1C-6911A4A59493}"
EndProject
Global
	GlobalSection(SolutionConfigurationPlatforms) = preSolution
		Debug|Any CPU = Debug|Any CPU
		Release|Any CPU = Release|Any CPU
	EndGlobalSection
	GlobalSection(ProjectConfigurationPlatforms) = postSolution
		{29577AED-1542-45B7-8B1C-6911A4A59493}.Debug|Any CPU.ActiveCfg = Debug|Any CPU
		{29577AED-1542-45B7-8B1C-6911A4A59493}.Debug|Any CPU.Build.0 = Debug|Any CPU
		{29577AED-1542-45B7-8B1C-6911A4A59493}.Release|Any CPU.ActiveCfg = Release|Any CPU
		{29577AED-1542-45B7-8B1C-6911A4A59493}.Release|Any CPU.Build.0 = Release|Any CPU
	EndGlobalSection
	GlobalSection(SolutionProperties) = preSolution
		HideSolutionNode = FALSE
	EndGlobalSection
	GlobalSection(ExtensibilityGlobals) = postSolution
		SolutionGuid = {6CCE50B1-D3F9-4E6E-A5AE-8799AA2760E2}
	EndGlobalSection
EndGlobal
