
Microsoft Visual Studio Solution File, Format Version 12.00
# Visual Studio Version 17
VisualStudioVersion = 17.5.33516.290
MinimumVisualStudioVersion = 10.0.40219.1
Project("{FAE04EC0-301F-11D3-BF4B-00C04F79EFBC}") = "tryCatch assignment", "tryCatch assignment\tryCatch assignment.csproj", "{7F841A35-AF0E-4A6E-BDCB-E5A38ACC458B}"
EndProject
Global
	GlobalSection(SolutionConfigurationPlatforms) = preSolution
		Debug|Any CPU = Debug|Any CPU
		Release|Any CPU = Release|Any CPU
	EndGlobalSection
	GlobalSection(ProjectConfigurationPlatforms) = postSolution
		{7F841A35-AF0E-4A6E-BDCB-E5A38ACC458B}.Debug|Any CPU.ActiveCfg = Debug|Any CPU
		{7F841A35-AF0E-4A6E-BDCB-E5A38ACC458B}.Debug|Any CPU.Build.0 = Debug|Any CPU
		{7F841A35-AF0E-4A6E-BDCB-E5A38ACC458B}.Release|Any CPU.ActiveCfg = Release|Any CPU
		{7F841A35-AF0E-4A6E-BDCB-E5A38ACC458B}.Release|Any CPU.Build.0 = Release|Any CPU
	EndGlobalSection
	GlobalSection(SolutionProperties) = preSolution
		HideSolutionNode = FALSE
	EndGlobalSection
	GlobalSection(ExtensibilityGlobals) = postSolution
		SolutionGuid = {755ECE07-194E-430D-A312-E2F42D0D8B75}
	EndGlobalSection
EndGlobal
