
Microsoft Visual Studio Solution File, Format Version 12.00
# Visual Studio Version 17
VisualStudioVersion = 17.5.33516.290
MinimumVisualStudioVersion = 10.0.40219.1
Project("{FAE04EC0-301F-11D3-BF4B-00C04F79EFBC}") = "MainMethod.cs", "MainMethod.cs\MainMethod.cs.csproj", "{59D98E6D-AA9F-4002-A0F8-B55C30C75F57}"
EndProject
Global
	GlobalSection(SolutionConfigurationPlatforms) = preSolution
		Debug|Any CPU = Debug|Any CPU
		Release|Any CPU = Release|Any CPU
	EndGlobalSection
	GlobalSection(ProjectConfigurationPlatforms) = postSolution
		{59D98E6D-AA9F-4002-A0F8-B55C30C75F57}.Debug|Any CPU.ActiveCfg = Debug|Any CPU
		{59D98E6D-AA9F-4002-A0F8-B55C30C75F57}.Debug|Any CPU.Build.0 = Debug|Any CPU
		{59D98E6D-AA9F-4002-A0F8-B55C30C75F57}.Release|Any CPU.ActiveCfg = Release|Any CPU
		{59D98E6D-AA9F-4002-A0F8-B55C30C75F57}.Release|Any CPU.Build.0 = Release|Any CPU
	EndGlobalSection
	GlobalSection(SolutionProperties) = preSolution
		HideSolutionNode = FALSE
	EndGlobalSection
	GlobalSection(ExtensibilityGlobals) = postSolution
		SolutionGuid = {265C0328-7B2B-4092-B094-D7EB140AA9C2}
	EndGlobalSection
EndGlobal
