
Microsoft Visual Studio Solution File, Format Version 12.00
# Visual Studio Version 17
VisualStudioVersion = 17.5.33516.290
MinimumVisualStudioVersion = 10.0.40219.1
Project("{FAE04EC0-301F-11D3-BF4B-00C04F79EFBC}") = "MathandComparisonOperatorAssignment.cs", "MathandComparisonOperatorAssignment.cs\MathandComparisonOperatorAssignment.cs.csproj", "{2CEA5774-6843-4D55-96F5-02DC4A6BBA29}"
EndProject
Global
	GlobalSection(SolutionConfigurationPlatforms) = preSolution
		Debug|Any CPU = Debug|Any CPU
		Release|Any CPU = Release|Any CPU
	EndGlobalSection
	GlobalSection(ProjectConfigurationPlatforms) = postSolution
		{2CEA5774-6843-4D55-96F5-02DC4A6BBA29}.Debug|Any CPU.ActiveCfg = Debug|Any CPU
		{2CEA5774-6843-4D55-96F5-02DC4A6BBA29}.Debug|Any CPU.Build.0 = Debug|Any CPU
		{2CEA5774-6843-4D55-96F5-02DC4A6BBA29}.Release|Any CPU.ActiveCfg = Release|Any CPU
		{2CEA5774-6843-4D55-96F5-02DC4A6BBA29}.Release|Any CPU.Build.0 = Release|Any CPU
	EndGlobalSection
	GlobalSection(SolutionProperties) = preSolution
		HideSolutionNode = FALSE
	EndGlobalSection
	GlobalSection(ExtensibilityGlobals) = postSolution
		SolutionGuid = {CFF90BF1-AA27-47E0-9068-151942A33CF6}
	EndGlobalSection
EndGlobal
