
Microsoft Visual Studio Solution File, Format Version 12.00
# Visual Studio Version 17
VisualStudioVersion = 17.5.33516.290
MinimumVisualStudioVersion = 10.0.40219.1
Project("{FAE04EC0-301F-11D3-BF4B-00C04F79EFBC}") = "DailyReportAssignment.cs", "DailyReportAssignment.cs\DailyReportAssignment.cs.csproj", "{CE3A1760-F46A-4342-878A-EBDF87D482E2}"
EndProject
Global
	GlobalSection(SolutionConfigurationPlatforms) = preSolution
		Debug|Any CPU = Debug|Any CPU
		Release|Any CPU = Release|Any CPU
	EndGlobalSection
	GlobalSection(ProjectConfigurationPlatforms) = postSolution
		{CE3A1760-F46A-4342-878A-EBDF87D482E2}.Debug|Any CPU.ActiveCfg = Debug|Any CPU
		{CE3A1760-F46A-4342-878A-EBDF87D482E2}.Debug|Any CPU.Build.0 = Debug|Any CPU
		{CE3A1760-F46A-4342-878A-EBDF87D482E2}.Release|Any CPU.ActiveCfg = Release|Any CPU
		{CE3A1760-F46A-4342-878A-EBDF87D482E2}.Release|Any CPU.Build.0 = Release|Any CPU
	EndGlobalSection
	GlobalSection(SolutionProperties) = preSolution
		HideSolutionNode = FALSE
	EndGlobalSection
	GlobalSection(ExtensibilityGlobals) = postSolution
		SolutionGuid = {466E5240-69A6-4586-B0BE-EE528E65DEB2}
	EndGlobalSection
EndGlobal
