
Microsoft Visual Studio Solution File, Format Version 12.00
# Visual Studio Version 17
VisualStudioVersion = 17.5.33530.505
MinimumVisualStudioVersion = 10.0.40219.1
Project("{FAE04EC0-301F-11D3-BF4B-00C04F79EFBC}") = "ParsingEnum", "ParsingEnum\ParsingEnum.csproj", "{BF84208D-3AEA-456F-A636-1DC8F2ED7C31}"
EndProject
Global
	GlobalSection(SolutionConfigurationPlatforms) = preSolution
		Debug|Any CPU = Debug|Any CPU
		Release|Any CPU = Release|Any CPU
	EndGlobalSection
	GlobalSection(ProjectConfigurationPlatforms) = postSolution
		{BF84208D-3AEA-456F-A636-1DC8F2ED7C31}.Debug|Any CPU.ActiveCfg = Debug|Any CPU
		{BF84208D-3AEA-456F-A636-1DC8F2ED7C31}.Debug|Any CPU.Build.0 = Debug|Any CPU
		{BF84208D-3AEA-456F-A636-1DC8F2ED7C31}.Release|Any CPU.ActiveCfg = Release|Any CPU
		{BF84208D-3AEA-456F-A636-1DC8F2ED7C31}.Release|Any CPU.Build.0 = Release|Any CPU
	EndGlobalSection
	GlobalSection(SolutionProperties) = preSolution
		HideSolutionNode = FALSE
	EndGlobalSection
	GlobalSection(ExtensibilityGlobals) = postSolution
		SolutionGuid = {770592AD-434E-4314-9245-D1A1F8675BD8}
	EndGlobalSection
EndGlobal
