
Microsoft Visual Studio Solution File, Format Version 12.00
# Visual Studio Version 17
VisualStudioVersion = 17.5.33516.290
MinimumVisualStudioVersion = 10.0.40219.1
Project("{FAE04EC0-301F-11D3-BF4B-00C04F79EFBC}") = "ExceptionHandling.cs", "ExceptionHandling.cs\ExceptionHandling.cs.csproj", "{F2C30EA8-A5AC-4D71-B2F1-5C5FBF53D554}"
EndProject
Global
	GlobalSection(SolutionConfigurationPlatforms) = preSolution
		Debug|Any CPU = Debug|Any CPU
		Release|Any CPU = Release|Any CPU
	EndGlobalSection
	GlobalSection(ProjectConfigurationPlatforms) = postSolution
		{F2C30EA8-A5AC-4D71-B2F1-5C5FBF53D554}.Debug|Any CPU.ActiveCfg = Debug|Any CPU
		{F2C30EA8-A5AC-4D71-B2F1-5C5FBF53D554}.Debug|Any CPU.Build.0 = Debug|Any CPU
		{F2C30EA8-A5AC-4D71-B2F1-5C5FBF53D554}.Release|Any CPU.ActiveCfg = Release|Any CPU
		{F2C30EA8-A5AC-4D71-B2F1-5C5FBF53D554}.Release|Any CPU.Build.0 = Release|Any CPU
	EndGlobalSection
	GlobalSection(SolutionProperties) = preSolution
		HideSolutionNode = FALSE
	EndGlobalSection
	GlobalSection(ExtensibilityGlobals) = postSolution
		SolutionGuid = {53BFE7DB-B912-40F4-831D-6A1803F5DFB6}
	EndGlobalSection
EndGlobal
