
Microsoft Visual Studio Solution File, Format Version 12.00
# Visual Studio Version 17
VisualStudioVersion = 17.5.33516.290
MinimumVisualStudioVersion = 10.0.40219.1
Project("{FAE04EC0-301F-11D3-BF4B-00C04F79EFBC}") = "WhileComparison.cs", "WhileComparison.cs\WhileComparison.cs.csproj", "{D4A8BF52-D404-4F3F-87CD-2D3575D55BF3}"
EndProject
Global
	GlobalSection(SolutionConfigurationPlatforms) = preSolution
		Debug|Any CPU = Debug|Any CPU
		Release|Any CPU = Release|Any CPU
	EndGlobalSection
	GlobalSection(ProjectConfigurationPlatforms) = postSolution
		{D4A8BF52-D404-4F3F-87CD-2D3575D55BF3}.Debug|Any CPU.ActiveCfg = Debug|Any CPU
		{D4A8BF52-D404-4F3F-87CD-2D3575D55BF3}.Debug|Any CPU.Build.0 = Debug|Any CPU
		{D4A8BF52-D404-4F3F-87CD-2D3575D55BF3}.Release|Any CPU.ActiveCfg = Release|Any CPU
		{D4A8BF52-D404-4F3F-87CD-2D3575D55BF3}.Release|Any CPU.Build.0 = Release|Any CPU
	EndGlobalSection
	GlobalSection(SolutionProperties) = preSolution
		HideSolutionNode = FALSE
	EndGlobalSection
	GlobalSection(ExtensibilityGlobals) = postSolution
		SolutionGuid = {91D2A6ED-E417-4ADC-93A1-7C9B7939905A}
	EndGlobalSection
EndGlobal
